
Microsoft Visual Studio Solution File, Format Version 12.00
# Visual Studio Version 16
VisualStudioVersion = 16.0.29215.179
MinimumVisualStudioVersion = 10.0.40219.1
Project("{9A19103F-16F7-4668-BE54-9A1E7A4F7556}") = "CheckInputByDelegate", "CheckInputByDelegate\CheckInputByDelegate.csproj", "{231644C1-34ED-4A39-BB7B-8635A01544ED}"
EndProject
Project("{FAE04EC0-301F-11D3-BF4B-00C04F79EFBC}") = "CheckInputInForms", "CheckInputInForms\CheckInputInForms.csproj", "{9B97D218-CADB-43F0-A0BE-49A1773A34CC}"
EndProject
Global
	GlobalSection(SolutionConfigurationPlatforms) = preSolution
		Debug|Any CPU = Debug|Any CPU
		Release|Any CPU = Release|Any CPU
	EndGlobalSection
	GlobalSection(ProjectConfigurationPlatforms) = postSolution
		{231644C1-34ED-4A39-BB7B-8635A01544ED}.Debug|Any CPU.ActiveCfg = Debug|Any CPU
		{231644C1-34ED-4A39-BB7B-8635A01544ED}.Debug|Any CPU.Build.0 = Debug|Any CPU
		{231644C1-34ED-4A39-BB7B-8635A01544ED}.Release|Any CPU.ActiveCfg = Release|Any CPU
		{231644C1-34ED-4A39-BB7B-8635A01544ED}.Release|Any CPU.Build.0 = Release|Any CPU
		{9B97D218-CADB-43F0-A0BE-49A1773A34CC}.Debug|Any CPU.ActiveCfg = Debug|Any CPU
		{9B97D218-CADB-43F0-A0BE-49A1773A34CC}.Debug|Any CPU.Build.0 = Debug|Any CPU
		{9B97D218-CADB-43F0-A0BE-49A1773A34CC}.Release|Any CPU.ActiveCfg = Release|Any CPU
		{9B97D218-CADB-43F0-A0BE-49A1773A34CC}.Release|Any CPU.Build.0 = Release|Any CPU
	EndGlobalSection
	GlobalSection(SolutionProperties) = preSolution
		HideSolutionNode = FALSE
	EndGlobalSection
	GlobalSection(ExtensibilityGlobals) = postSolution
		SolutionGuid = {AD53B41C-5B43-4D27-858A-6E4BB734EE7A}
	EndGlobalSection
EndGlobal
